
Microsoft Visual Studio Solution File, Format Version 12.00
# Visual Studio Version 16
VisualStudioVersion = 16.0.29503.13
MinimumVisualStudioVersion = 10.0.40219.1
Project("{FAE04EC0-301F-11D3-BF4B-00C04F79EFBC}") = "Space Shooter", "Space Shooter\Space Shooter.csproj", "{7690128F-B6D3-4AF8-BA07-B8A0F764A3F8}"
EndProject
Global
	GlobalSection(SolutionConfigurationPlatforms) = preSolution
		Debug|Any CPU = Debug|Any CPU
		Release|Any CPU = Release|Any CPU
	EndGlobalSection
	GlobalSection(ProjectConfigurationPlatforms) = postSolution
		{7690128F-B6D3-4AF8-BA07-B8A0F764A3F8}.Debug|Any CPU.ActiveCfg = Debug|Any CPU
		{7690128F-B6D3-4AF8-BA07-B8A0F764A3F8}.Debug|Any CPU.Build.0 = Debug|Any CPU
		{7690128F-B6D3-4AF8-BA07-B8A0F764A3F8}.Release|Any CPU.ActiveCfg = Release|Any CPU
		{7690128F-B6D3-4AF8-BA07-B8A0F764A3F8}.Release|Any CPU.Build.0 = Release|Any CPU
	EndGlobalSection
	GlobalSection(SolutionProperties) = preSolution
		HideSolutionNode = FALSE
	EndGlobalSection
	GlobalSection(ExtensibilityGlobals) = postSolution
		SolutionGuid = {BF9DAB1D-4C8C-44C0-8C27-AFDDC886DD8C}
	EndGlobalSection
EndGlobal
